
Microsoft Visual Studio Solution File, Format Version 12.00
Project("{FAE04EC0-301F-11D3-BF4B-00C04F79EFBC}") = "ExpertFramework", "ExpertFramework\ExpertFramework.csproj", "{7319A502-1560-489D-9EA2-553DD00C6AFF}"
EndProject
Project("{FAE04EC0-301F-11D3-BF4B-00C04F79EFBC}") = "FinanceExpert", "FinanceExpert\FinanceExpert.csproj", "{656B64A0-3078-4E2F-80C5-49F6B60AB174}"
EndProject
Project("{FAE04EC0-301F-11D3-BF4B-00C04F79EFBC}") = "ExpertDesktop", "ExpertDesktop\ExpertDesktop.csproj", "{F5C3FECA-1080-4F57-B8E9-0CEAE5C58E34}"
EndProject
Project("{FAE04EC0-301F-11D3-BF4B-00C04F79EFBC}") = "KnowledgeBase", "KnowledgeBase\KnowledgeBase.csproj", "{0EBB9640-55BC-4362-BFD3-62F277589A1F}"
EndProject
Project("{FAE04EC0-301F-11D3-BF4B-00C04F79EFBC}") = "ExpertServer", "ExpertServer\ExpertServer.csproj", "{76AFBDA2-E93E-42D4-86F8-34638D47C151}"
EndProject
Project("{2150E333-8FDC-42A3-9474-1A3956D46DE8}") = "Desktop", "Desktop", "{D2097888-BB5B-437A-86D0-E2ADB533A270}"
EndProject
Project("{2150E333-8FDC-42A3-9474-1A3956D46DE8}") = "Core", "Core", "{C7A89EF7-31EE-4A62-84BE-2040107AFE6E}"
EndProject
Project("{2150E333-8FDC-42A3-9474-1A3956D46DE8}") = "Server", "Server", "{CE59DFD3-EEF3-4353-ACF6-57EE1CF208AC}"
EndProject
Project("{FAE04EC0-301F-11D3-BF4B-00C04F79EFBC}") = "AlphaVantageAPI", "AlphaVantageAPI\AlphaVantageAPI.csproj", "{02281078-6735-48BC-9D7A-B118A3783910}"
EndProject
Global
	GlobalSection(SolutionConfigurationPlatforms) = preSolution
		Debug|Any CPU = Debug|Any CPU
		Release|Any CPU = Release|Any CPU
	EndGlobalSection
	GlobalSection(ProjectConfigurationPlatforms) = postSolution
		{7319A502-1560-489D-9EA2-553DD00C6AFF}.Debug|Any CPU.ActiveCfg = Debug|Any CPU
		{7319A502-1560-489D-9EA2-553DD00C6AFF}.Debug|Any CPU.Build.0 = Debug|Any CPU
		{7319A502-1560-489D-9EA2-553DD00C6AFF}.Release|Any CPU.ActiveCfg = Release|Any CPU
		{7319A502-1560-489D-9EA2-553DD00C6AFF}.Release|Any CPU.Build.0 = Release|Any CPU
		{656B64A0-3078-4E2F-80C5-49F6B60AB174}.Debug|Any CPU.ActiveCfg = Debug|Any CPU
		{656B64A0-3078-4E2F-80C5-49F6B60AB174}.Debug|Any CPU.Build.0 = Debug|Any CPU
		{656B64A0-3078-4E2F-80C5-49F6B60AB174}.Release|Any CPU.ActiveCfg = Release|Any CPU
		{656B64A0-3078-4E2F-80C5-49F6B60AB174}.Release|Any CPU.Build.0 = Release|Any CPU
		{F5C3FECA-1080-4F57-B8E9-0CEAE5C58E34}.Debug|Any CPU.ActiveCfg = Debug|Any CPU
		{F5C3FECA-1080-4F57-B8E9-0CEAE5C58E34}.Debug|Any CPU.Build.0 = Debug|Any CPU
		{F5C3FECA-1080-4F57-B8E9-0CEAE5C58E34}.Release|Any CPU.ActiveCfg = Release|Any CPU
		{F5C3FECA-1080-4F57-B8E9-0CEAE5C58E34}.Release|Any CPU.Build.0 = Release|Any CPU
		{0EBB9640-55BC-4362-BFD3-62F277589A1F}.Debug|Any CPU.ActiveCfg = Debug|Any CPU
		{0EBB9640-55BC-4362-BFD3-62F277589A1F}.Debug|Any CPU.Build.0 = Debug|Any CPU
		{0EBB9640-55BC-4362-BFD3-62F277589A1F}.Release|Any CPU.ActiveCfg = Release|Any CPU
		{0EBB9640-55BC-4362-BFD3-62F277589A1F}.Release|Any CPU.Build.0 = Release|Any CPU
		{76AFBDA2-E93E-42D4-86F8-34638D47C151}.Debug|Any CPU.ActiveCfg = Debug|Any CPU
		{76AFBDA2-E93E-42D4-86F8-34638D47C151}.Debug|Any CPU.Build.0 = Debug|Any CPU
		{76AFBDA2-E93E-42D4-86F8-34638D47C151}.Release|Any CPU.ActiveCfg = Release|Any CPU
		{76AFBDA2-E93E-42D4-86F8-34638D47C151}.Release|Any CPU.Build.0 = Release|Any CPU
		{02281078-6735-48BC-9D7A-B118A3783910}.Debug|Any CPU.ActiveCfg = Debug|Any CPU
		{02281078-6735-48BC-9D7A-B118A3783910}.Debug|Any CPU.Build.0 = Debug|Any CPU
		{02281078-6735-48BC-9D7A-B118A3783910}.Release|Any CPU.ActiveCfg = Release|Any CPU
		{02281078-6735-48BC-9D7A-B118A3783910}.Release|Any CPU.Build.0 = Release|Any CPU
	EndGlobalSection
	GlobalSection(NestedProjects) = preSolution
		{F5C3FECA-1080-4F57-B8E9-0CEAE5C58E34} = {D2097888-BB5B-437A-86D0-E2ADB533A270}
		{7319A502-1560-489D-9EA2-553DD00C6AFF} = {C7A89EF7-31EE-4A62-84BE-2040107AFE6E}
		{656B64A0-3078-4E2F-80C5-49F6B60AB174} = {C7A89EF7-31EE-4A62-84BE-2040107AFE6E}
		{76AFBDA2-E93E-42D4-86F8-34638D47C151} = {CE59DFD3-EEF3-4353-ACF6-57EE1CF208AC}
		{0EBB9640-55BC-4362-BFD3-62F277589A1F} = {CE59DFD3-EEF3-4353-ACF6-57EE1CF208AC}
		{02281078-6735-48BC-9D7A-B118A3783910} = {CE59DFD3-EEF3-4353-ACF6-57EE1CF208AC}
	EndGlobalSection
EndGlobal
