
Microsoft Visual Studio Solution File, Format Version 12.00
Project("{FAE04EC0-301F-11D3-BF4B-00C04F79EFBC}") = "ExpertFramework", "ExpertFramework\ExpertFramework.csproj", "{7319A502-1560-489D-9EA2-553DD00C6AFF}"
EndProject
Project("{FAE04EC0-301F-11D3-BF4B-00C04F79EFBC}") = "Expert.Finance", "Expert.Finance\Expert.Finance.csproj", "{656B64A0-3078-4E2F-80C5-49F6B60AB174}"
EndProject
Project("{FAE04EC0-301F-11D3-BF4B-00C04F79EFBC}") = "Expert.DesktopApp", "Expert.DesktopApp\Expert.DesktopApp.csproj", "{F5C3FECA-1080-4F57-B8E9-0CEAE5C58E34}"
EndProject
Project("{FAE04EC0-301F-11D3-BF4B-00C04F79EFBC}") = "KnowledgeBase", "KnowledgeBase\KnowledgeBase.csproj", "{0EBB9640-55BC-4362-BFD3-62F277589A1F}"
EndProject
Project("{FAE04EC0-301F-11D3-BF4B-00C04F79EFBC}") = "Expert.gRPC.Server", "Expert.gRPC.Server\Expert.gRPC.Server.csproj", "{76AFBDA2-E93E-42D4-86F8-34638D47C151}"
EndProject
Project("{2150E333-8FDC-42A3-9474-1A3956D46DE8}") = "Desktop", "Desktop", "{D2097888-BB5B-437A-86D0-E2ADB533A270}"
EndProject
Project("{2150E333-8FDC-42A3-9474-1A3956D46DE8}") = "Core", "Core", "{C7A89EF7-31EE-4A62-84BE-2040107AFE6E}"
EndProject
Project("{2150E333-8FDC-42A3-9474-1A3956D46DE8}") = "Server", "Server", "{CE59DFD3-EEF3-4353-ACF6-57EE1CF208AC}"
EndProject
Project("{FAE04EC0-301F-11D3-BF4B-00C04F79EFBC}") = "AlphaVantageAPI", "AlphaVantageAPI\AlphaVantageAPI.csproj", "{02281078-6735-48BC-9D7A-B118A3783910}"
EndProject
Project("{FAE04EC0-301F-11D3-BF4B-00C04F79EFBC}") = "Users.gRPC.Server", "Users.gRPC.Server\Users.gRPC.Server.csproj", "{1080CDE7-3BD4-47A2-9F3D-A13A31FC4741}"
EndProject
Project("{FAE04EC0-301F-11D3-BF4B-00C04F79EFBC}") = "Expert.gRPC.Client", "Expert.gRPC.Client\Expert.gRPC.Client.csproj", "{724B2B30-44D6-4143-916C-2112845EA9E9}"
EndProject
Project("{FAE04EC0-301F-11D3-BF4B-00C04F79EFBC}") = "Expert.Core", "Expert.Core\Expert.Core.csproj", "{61FF950C-87DA-4D94-A0DB-5A0AEACB384E}"
EndProject
Project("{FAE04EC0-301F-11D3-BF4B-00C04F79EFBC}") = "Users.gRPC.Client", "Users.gRPC.Client\Users.gRPC.Client.csproj", "{0BB007C2-D8A4-44FF-9220-2696749F6484}"
EndProject
Global
	GlobalSection(SolutionConfigurationPlatforms) = preSolution
		Debug|Any CPU = Debug|Any CPU
		Release|Any CPU = Release|Any CPU
	EndGlobalSection
	GlobalSection(ProjectConfigurationPlatforms) = postSolution
		{7319A502-1560-489D-9EA2-553DD00C6AFF}.Debug|Any CPU.ActiveCfg = Debug|Any CPU
		{7319A502-1560-489D-9EA2-553DD00C6AFF}.Debug|Any CPU.Build.0 = Debug|Any CPU
		{7319A502-1560-489D-9EA2-553DD00C6AFF}.Release|Any CPU.ActiveCfg = Release|Any CPU
		{7319A502-1560-489D-9EA2-553DD00C6AFF}.Release|Any CPU.Build.0 = Release|Any CPU
		{656B64A0-3078-4E2F-80C5-49F6B60AB174}.Debug|Any CPU.ActiveCfg = Debug|Any CPU
		{656B64A0-3078-4E2F-80C5-49F6B60AB174}.Debug|Any CPU.Build.0 = Debug|Any CPU
		{656B64A0-3078-4E2F-80C5-49F6B60AB174}.Release|Any CPU.ActiveCfg = Release|Any CPU
		{656B64A0-3078-4E2F-80C5-49F6B60AB174}.Release|Any CPU.Build.0 = Release|Any CPU
		{F5C3FECA-1080-4F57-B8E9-0CEAE5C58E34}.Debug|Any CPU.ActiveCfg = Debug|Any CPU
		{F5C3FECA-1080-4F57-B8E9-0CEAE5C58E34}.Debug|Any CPU.Build.0 = Debug|Any CPU
		{F5C3FECA-1080-4F57-B8E9-0CEAE5C58E34}.Release|Any CPU.ActiveCfg = Release|Any CPU
		{F5C3FECA-1080-4F57-B8E9-0CEAE5C58E34}.Release|Any CPU.Build.0 = Release|Any CPU
		{0EBB9640-55BC-4362-BFD3-62F277589A1F}.Debug|Any CPU.ActiveCfg = Debug|Any CPU
		{0EBB9640-55BC-4362-BFD3-62F277589A1F}.Debug|Any CPU.Build.0 = Debug|Any CPU
		{0EBB9640-55BC-4362-BFD3-62F277589A1F}.Release|Any CPU.ActiveCfg = Release|Any CPU
		{0EBB9640-55BC-4362-BFD3-62F277589A1F}.Release|Any CPU.Build.0 = Release|Any CPU
		{76AFBDA2-E93E-42D4-86F8-34638D47C151}.Debug|Any CPU.ActiveCfg = Debug|Any CPU
		{76AFBDA2-E93E-42D4-86F8-34638D47C151}.Debug|Any CPU.Build.0 = Debug|Any CPU
		{76AFBDA2-E93E-42D4-86F8-34638D47C151}.Release|Any CPU.ActiveCfg = Release|Any CPU
		{76AFBDA2-E93E-42D4-86F8-34638D47C151}.Release|Any CPU.Build.0 = Release|Any CPU
		{02281078-6735-48BC-9D7A-B118A3783910}.Debug|Any CPU.ActiveCfg = Debug|Any CPU
		{02281078-6735-48BC-9D7A-B118A3783910}.Debug|Any CPU.Build.0 = Debug|Any CPU
		{02281078-6735-48BC-9D7A-B118A3783910}.Release|Any CPU.ActiveCfg = Release|Any CPU
		{02281078-6735-48BC-9D7A-B118A3783910}.Release|Any CPU.Build.0 = Release|Any CPU
		{1080CDE7-3BD4-47A2-9F3D-A13A31FC4741}.Debug|Any CPU.ActiveCfg = Debug|Any CPU
		{1080CDE7-3BD4-47A2-9F3D-A13A31FC4741}.Debug|Any CPU.Build.0 = Debug|Any CPU
		{1080CDE7-3BD4-47A2-9F3D-A13A31FC4741}.Release|Any CPU.ActiveCfg = Release|Any CPU
		{1080CDE7-3BD4-47A2-9F3D-A13A31FC4741}.Release|Any CPU.Build.0 = Release|Any CPU
		{724B2B30-44D6-4143-916C-2112845EA9E9}.Debug|Any CPU.ActiveCfg = Debug|Any CPU
		{724B2B30-44D6-4143-916C-2112845EA9E9}.Debug|Any CPU.Build.0 = Debug|Any CPU
		{724B2B30-44D6-4143-916C-2112845EA9E9}.Release|Any CPU.ActiveCfg = Release|Any CPU
		{724B2B30-44D6-4143-916C-2112845EA9E9}.Release|Any CPU.Build.0 = Release|Any CPU
		{61FF950C-87DA-4D94-A0DB-5A0AEACB384E}.Debug|Any CPU.ActiveCfg = Debug|Any CPU
		{61FF950C-87DA-4D94-A0DB-5A0AEACB384E}.Debug|Any CPU.Build.0 = Debug|Any CPU
		{61FF950C-87DA-4D94-A0DB-5A0AEACB384E}.Release|Any CPU.ActiveCfg = Release|Any CPU
		{61FF950C-87DA-4D94-A0DB-5A0AEACB384E}.Release|Any CPU.Build.0 = Release|Any CPU
		{0BB007C2-D8A4-44FF-9220-2696749F6484}.Debug|Any CPU.ActiveCfg = Debug|Any CPU
		{0BB007C2-D8A4-44FF-9220-2696749F6484}.Debug|Any CPU.Build.0 = Debug|Any CPU
		{0BB007C2-D8A4-44FF-9220-2696749F6484}.Release|Any CPU.ActiveCfg = Release|Any CPU
		{0BB007C2-D8A4-44FF-9220-2696749F6484}.Release|Any CPU.Build.0 = Release|Any CPU
	EndGlobalSection
	GlobalSection(NestedProjects) = preSolution
		{F5C3FECA-1080-4F57-B8E9-0CEAE5C58E34} = {D2097888-BB5B-437A-86D0-E2ADB533A270}
		{7319A502-1560-489D-9EA2-553DD00C6AFF} = {C7A89EF7-31EE-4A62-84BE-2040107AFE6E}
		{656B64A0-3078-4E2F-80C5-49F6B60AB174} = {C7A89EF7-31EE-4A62-84BE-2040107AFE6E}
		{76AFBDA2-E93E-42D4-86F8-34638D47C151} = {CE59DFD3-EEF3-4353-ACF6-57EE1CF208AC}
		{0EBB9640-55BC-4362-BFD3-62F277589A1F} = {CE59DFD3-EEF3-4353-ACF6-57EE1CF208AC}
		{02281078-6735-48BC-9D7A-B118A3783910} = {CE59DFD3-EEF3-4353-ACF6-57EE1CF208AC}
		{1080CDE7-3BD4-47A2-9F3D-A13A31FC4741} = {CE59DFD3-EEF3-4353-ACF6-57EE1CF208AC}
		{724B2B30-44D6-4143-916C-2112845EA9E9} = {D2097888-BB5B-437A-86D0-E2ADB533A270}
		{61FF950C-87DA-4D94-A0DB-5A0AEACB384E} = {C7A89EF7-31EE-4A62-84BE-2040107AFE6E}
		{0BB007C2-D8A4-44FF-9220-2696749F6484} = {D2097888-BB5B-437A-86D0-E2ADB533A270}
	EndGlobalSection
EndGlobal
